PODS:
  - Bolts (1.9.0):
    - Bolts/AppLinks (= 1.9.0)
    - Bolts/Tasks (= 1.9.0)
  - Bolts/AppLinks (1.9.0):
    - Bolts/Tasks
  - Bolts/Tasks (1.9.0)
  - FacebookCore (0.3.0):
    - Bolts (~> 1.8)
    - FBSDKCoreKit (~> 4.27)
  - FacebookLogin (0.3.0):
    - Bolts (~> 1.8)
    - FacebookCore (~> 0.3)
    - FBSDKCoreKit (~> 4.27)
    - FBSDKLoginKit (~> 4.27)
  - FacebookShare (0.3.0):
    - Bolts (~> 1.8)
    - FacebookCore (~> 0.3)
    - FBSDKCoreKit (~> 4.27)
    - FBSDKShareKit (~> 4.27)
  - FBSDKCoreKit (4.31.0):
    - Bolts (~> 1.7)
  - FBSDKLoginKit (4.31.0):
    - FBSDKCoreKit
  - FBSDKShareKit (4.31.0):
    - FBSDKCoreKit (~> 4.31.0)
  - MaterialComponents/AnimationTiming (23.0.2)
  - MaterialComponents/Buttons (23.0.2):
    - MaterialComponents/Ink
    - MaterialComponents/private/Math
    - MaterialComponents/ShadowElevations
    - MaterialComponents/ShadowLayer
    - MaterialComponents/Typography
    - MDFTextAccessibility
  - MaterialComponents/Ink (23.0.2)
  - MaterialComponents/OverlayWindow (23.0.2):
    - MaterialComponents/private/Application
  - MaterialComponents/private/Application (23.0.2)
  - MaterialComponents/private/KeyboardWatcher (23.0.2):
    - MaterialComponents/private/Application
  - MaterialComponents/private/Math (23.0.2)
  - MaterialComponents/private/Overlay (23.0.2)
  - MaterialComponents/ShadowElevations (23.0.2)
  - MaterialComponents/ShadowLayer (23.0.2)
  - MaterialComponents/Snackbar (23.0.2):
    - MaterialComponents/AnimationTiming
    - MaterialComponents/Buttons
    - MaterialComponents/OverlayWindow
    - MaterialComponents/private/Application
    - MaterialComponents/private/KeyboardWatcher
    - MaterialComponents/private/Overlay
    - MaterialComponents/Typography
  - MaterialComponents/Typography (23.0.2):
    - MaterialComponents/private/Application
  - MDFTextAccessibility (1.2.0)
  - SDWebImage (3.8.2):
    - SDWebImage/Core (= 3.8.2)
  - SDWebImage/Core (3.8.2)

DEPENDENCIES:
  - FacebookCore
  - FacebookLogin
  - FacebookShare
  - MaterialComponents/Snackbar
  - SDWebImage (~> 3.8)

SPEC CHECKSUMS:
  Bolts: ac6567323eac61e203f6a9763667d0f711be34c8
  FacebookCore: 3ffa190a3f1f96cec0e44d3fc221bc322c595ffa
  FacebookLogin: 0af839ea858faef99550d16596b87b4a8e8906e6
  FacebookShare: 0469964297ebd75f052be2c5083389a4208e82b7
  FBSDKCoreKit: 54db4c581123745d25a9f7c1608020b3aeabd118
  FBSDKLoginKit: 95a252ddffd6919c0f132a02292f0824616d8709
  FBSDKShareKit: 7c3a2e6bb5be15676aebe256444afb18c5d238b3
  MaterialComponents: fc0b6f9725db1f434aa3f8d7feb7832ac99a3692
  MDFTextAccessibility: 94098925e0853551c5a311ce7c1ecefbe297cdb6
  SDWebImage: 098e97e6176540799c27e804c96653ee0833d13c

PODFILE CHECKSUM: 000f93c867933d8077f4e4578a8a327e0a3c61e0

COCOAPODS: 1.4.0
