// !$*UTF8*$!
{
	archiveVersion = 1;
	classes = {
	};
	objectVersion = 46;
	objects = {

/* Begin PBXBuildFile section */
		439A565D90D512DC5EDC44BD /* Pods_Utterfare.framework in Frameworks */ = {isa = PBXBuildFile; fileRef = DE9C29510AA1D594FB8B313B /* Pods_Utterfare.framework */; };
		A20178F22077E3500058E190 /* PasswordResetCodeController.swift in Sources */ = {isa = PBXBuildFile; fileRef = A20178F12077E3500058E190 /* PasswordResetCodeController.swift */; };
		A20178F42077E38C0058E190 /* PasswordResetCodeModel.swift in Sources */ = {isa = PBXBuildFile; fileRef = A20178F32077E38C0058E190 /* PasswordResetCodeModel.swift */; };
		A20178F62077E39C0058E190 /* NewPasswordController.swift in Sources */ = {isa = PBXBuildFile; fileRef = A20178F52077E39C0058E190 /* NewPasswordController.swift */; };
		A20178F82077E3A40058E190 /* NewPasswordModel.swift in Sources */ = {isa = PBXBuildFile; fileRef = A20178F72077E3A40058E190 /* NewPasswordModel.swift */; };
		A20178FC2077E5BF0058E190 /* CustomAlerts.swift in Sources */ = {isa = PBXBuildFile; fileRef = A20178FB2077E5BF0058E190 /* CustomAlerts.swift */; };
		A20178FF207FA8A00058E190 /* CustomCodeField.swift in Sources */ = {isa = PBXBuildFile; fileRef = A20178FE207FA8A00058E190 /* CustomCodeField.swift */; };
		A21169C22088C41400F3BD1B /* UpdatePasswordController.swift in Sources */ = {isa = PBXBuildFile; fileRef = A21169C12088C41400F3BD1B /* UpdatePasswordController.swift */; };
		A216CC701E200A6100A5951C /* SearchViewController.swift in Sources */ = {isa = PBXBuildFile; fileRef = A216CC6F1E200A6100A5951C /* SearchViewController.swift */; };
		A216CC721E200A6E00A5951C /* ResultsViewController.swift in Sources */ = {isa = PBXBuildFile; fileRef = A216CC711E200A6E00A5951C /* ResultsViewController.swift */; };
		A216CC751E200F3E00A5951C /* ResultCellViewController.swift in Sources */ = {isa = PBXBuildFile; fileRef = A216CC741E200F3E00A5951C /* ResultCellViewController.swift */; };
		A216CC771E20170600A5951C /* ViewItemController.swift in Sources */ = {isa = PBXBuildFile; fileRef = A216CC761E20170600A5951C /* ViewItemController.swift */; };
		A21CCFA3206D1DAB001C5797 /* UserSignInController.swift in Sources */ = {isa = PBXBuildFile; fileRef = A21CCFA2206D1DAB001C5797 /* UserSignInController.swift */; };
		A21CCFA8206D1F1E001C5797 /* UserSignInModel.swift in Sources */ = {isa = PBXBuildFile; fileRef = A21CCFA7206D1F1E001C5797 /* UserSignInModel.swift */; };
		A230CB162087F31C00282618 /* UserInformationController.swift in Sources */ = {isa = PBXBuildFile; fileRef = A230CB152087F31C00282618 /* UserInformationController.swift */; };
		A230CB1A2087F34600282618 /* UserInformationModel.swift in Sources */ = {isa = PBXBuildFile; fileRef = A230CB192087F34600282618 /* UserInformationModel.swift */; };
		A238836F20597DE30041F6FF /* ViewItemModel.swift in Sources */ = {isa = PBXBuildFile; fileRef = A238836E20597DE30041F6FF /* ViewItemModel.swift */; };
		A23F3CF523A3ED27000546DC /* LocationViewController.swift in Sources */ = {isa = PBXBuildFile; fileRef = A23F3CF423A3ED27000546DC /* LocationViewController.swift */; };
		A23F3CF723A3F337000546DC /* LocationTableViewCellController.swift in Sources */ = {isa = PBXBuildFile; fileRef = A23F3CF623A3F337000546DC /* LocationTableViewCellController.swift */; };
		A23F3CF923A78E2C000546DC /* ExplorerViewController.swift in Sources */ = {isa = PBXBuildFile; fileRef = A23F3CF823A78E2C000546DC /* ExplorerViewController.swift */; };
		A265CF622077C66500D104BB /* RequestPasswordResetController.swift in Sources */ = {isa = PBXBuildFile; fileRef = A265CF612077C66500D104BB /* RequestPasswordResetController.swift */; };
		A265CF642077C69500D104BB /* RequestPasswordResetModel.swift in Sources */ = {isa = PBXBuildFile; fileRef = A265CF632077C69500D104BB /* RequestPasswordResetModel.swift */; };
		A27C6634206EBFB200015274 /* MyItemsViewController.swift in Sources */ = {isa = PBXBuildFile; fileRef = A27C6633206EBFB200015274 /* MyItemsViewController.swift */; };
		A27C6636206ED80B00015274 /* MyItemsModel.swift in Sources */ = {isa = PBXBuildFile; fileRef = A27C6635206ED80B00015274 /* MyItemsModel.swift */; };
		A27C6638206ED82500015274 /* MyItemsTableCellController.swift in Sources */ = {isa = PBXBuildFile; fileRef = A27C6637206ED82500015274 /* MyItemsTableCellController.swift */; };
		A2930D6623A2E292004384A0 /* ExplorerCollectionViewCellController.swift in Sources */ = {isa = PBXBuildFile; fileRef = A2930D6523A2E292004384A0 /* ExplorerCollectionViewCellController.swift */; };
		A2930D6823A2EC63004384A0 /* ExplorerProtocol.swift in Sources */ = {isa = PBXBuildFile; fileRef = A2930D6723A2EC63004384A0 /* ExplorerProtocol.swift */; };
		A2AB1F981DF7578C009928BF /* AppDelegate.swift in Sources */ = {isa = PBXBuildFile; fileRef = A2AB1F971DF7578C009928BF /* AppDelegate.swift */; };
		A2AB1F9D1DF7578C009928BF /* Main.storyboard in Resources */ = {isa = PBXBuildFile; fileRef = A2AB1F9B1DF7578C009928BF /* Main.storyboard */; };
		A2AB1F9F1DF7578C009928BF /* Assets.xcassets in Resources */ = {isa = PBXBuildFile; fileRef = A2AB1F9E1DF7578C009928BF /* Assets.xcassets */; };
		A2AB1FA21DF7578C009928BF /* LaunchScreen.storyboard in Resources */ = {isa = PBXBuildFile; fileRef = A2AB1FA01DF7578C009928BF /* LaunchScreen.storyboard */; };
		A2AB1FAD1DF7578C009928BF /* UtterfareTests.swift in Sources */ = {isa = PBXBuildFile; fileRef = A2AB1FAC1DF7578C009928BF /* UtterfareTests.swift */; };
		A2AB1FB81DF7578C009928BF /* UtterfareUITests.swift in Sources */ = {isa = PBXBuildFile; fileRef = A2AB1FB71DF7578C009928BF /* UtterfareUITests.swift */; };
		A2AB1FCA1DF770B3009928BF /* CoreLocation.framework in Frameworks */ = {isa = PBXBuildFile; fileRef = A2AB1FC91DF770B3009928BF /* CoreLocation.framework */; };
		A2AFF9A0206FCB8A008851F9 /* UserSignUpViewController.swift in Sources */ = {isa = PBXBuildFile; fileRef = A2AFF99F206FCB8A008851F9 /* UserSignUpViewController.swift */; };
		A2AFF9A2206FCDC1008851F9 /* UserSignUpModel.swift in Sources */ = {isa = PBXBuildFile; fileRef = A2AFF9A1206FCDC1008851F9 /* UserSignUpModel.swift */; };
		A2B00E451E22A5D9004CACCF /* SearchModel.swift in Sources */ = {isa = PBXBuildFile; fileRef = A2B00E441E22A5D9004CACCF /* SearchModel.swift */; };
		A2C836EF22D7C26A009C78A3 /* Home Controller.swift in Sources */ = {isa = PBXBuildFile; fileRef = A2C836EE22D7C26A009C78A3 /* Home Controller.swift */; };
		A2C836F122D7C405009C78A3 /* CollectionViewCellController.swift in Sources */ = {isa = PBXBuildFile; fileRef = A2C836F022D7C405009C78A3 /* CollectionViewCellController.swift */; };
		A2C836F722D7C6A7009C78A3 /* HomeProtocol.swift in Sources */ = {isa = PBXBuildFile; fileRef = A2C836F622D7C6A7009C78A3 /* HomeProtocol.swift */; };
		A2E6AA452090C5C3002E93B7 /* MainTabBarController.swift in Sources */ = {isa = PBXBuildFile; fileRef = A2E6AA442090C5C3002E93B7 /* MainTabBarController.swift */; };
		E2F6981F33B3258ACDEF8034 /* Pods_UtterfareUITests.framework in Frameworks */ = {isa = PBXBuildFile; fileRef = CBA5E46EA3B9C26C49DFDFFB /* Pods_UtterfareUITests.framework */; };
		F290D91E831E20B3B672A3D3 /* Pods_UtterfareTests.framework in Frameworks */ = {isa = PBXBuildFile; fileRef = 09E843D5DA1C138C7E25A19B /* Pods_UtterfareTests.framework */; };
/* End PBXBuildFile section */

/* Begin PBXContainerItemProxy section */
		A2AB1FA91DF7578C009928BF /* PBXContainerItemProxy */ = {
			isa = PBXContainerItemProxy;
			containerPortal = A2AB1F8C1DF7578C009928BF /* Project object */;
			proxyType = 1;
			remoteGlobalIDString = A2AB1F931DF7578C009928BF;
			remoteInfo = Utterfare;
		};
		A2AB1FB41DF7578C009928BF /* PBXContainerItemProxy */ = {
			isa = PBXContainerItemProxy;
			containerPortal = A2AB1F8C1DF7578C009928BF /* Project object */;
			proxyType = 1;
			remoteGlobalIDString = A2AB1F931DF7578C009928BF;
			remoteInfo = Utterfare;
		};
/* End PBXContainerItemProxy section */

/* Begin PBXFileReference section */
		04942A706D9F2AEEFA0B81DF /* Pods-UtterfareUITests.debug.xcconfig */ = {isa = PBXFileReference; includeInIndex = 1; lastKnownFileType = text.xcconfig; name = "Pods-UtterfareUITests.debug.xcconfig"; path = "Pods/Target Support Files/Pods-UtterfareUITests/Pods-UtterfareUITests.debug.xcconfig"; sourceTree = "<group>"; };
		068C34851883620C30C92EFE /* Pods-Utterfare.release.xcconfig */ = {isa = PBXFileReference; includeInIndex = 1; lastKnownFileType = text.xcconfig; name = "Pods-Utterfare.release.xcconfig"; path = "Pods/Target Support Files/Pods-Utterfare/Pods-Utterfare.release.xcconfig"; sourceTree = "<group>"; };
		09E843D5DA1C138C7E25A19B /* Pods_UtterfareTests.framework */ = {isa = PBXFileReference; explicitFileType = wrapper.framework; includeInIndex = 0; path = Pods_UtterfareTests.framework; sourceTree = BUILT_PRODUCTS_DIR; };
		191438673DBEAE6FE1C10B26 /* Pods-UtterfareUITests.release.xcconfig */ = {isa = PBXFileReference; includeInIndex = 1; lastKnownFileType = text.xcconfig; name = "Pods-UtterfareUITests.release.xcconfig"; path = "Pods/Target Support Files/Pods-UtterfareUITests/Pods-UtterfareUITests.release.xcconfig"; sourceTree = "<group>"; };
		4221C6E5957A61B8DBFB4ECD /* Pods-UtterfareTests.debug.xcconfig */ = {isa = PBXFileReference; includeInIndex = 1; lastKnownFileType = text.xcconfig; name = "Pods-UtterfareTests.debug.xcconfig"; path = "Pods/Target Support Files/Pods-UtterfareTests/Pods-UtterfareTests.debug.xcconfig"; sourceTree = "<group>"; };
		609F55E0384BD3FC6B2C3E86 /* Pods-UtterfareTests.release.xcconfig */ = {isa = PBXFileReference; includeInIndex = 1; lastKnownFileType = text.xcconfig; name = "Pods-UtterfareTests.release.xcconfig"; path = "Pods/Target Support Files/Pods-UtterfareTests/Pods-UtterfareTests.release.xcconfig"; sourceTree = "<group>"; };
		9E448123B855267EBE06B77A /* Pods-Utterfare.debug.xcconfig */ = {isa = PBXFileReference; includeInIndex = 1; lastKnownFileType = text.xcconfig; name = "Pods-Utterfare.debug.xcconfig"; path = "Pods/Target Support Files/Pods-Utterfare/Pods-Utterfare.debug.xcconfig"; sourceTree = "<group>"; };
		A20178F12077E3500058E190 /* PasswordResetCodeController.swift */ = {isa = PBXFileReference; lastKnownFileType = sourcecode.swift; path = PasswordResetCodeController.swift; sourceTree = "<group>"; };
		A20178F32077E38C0058E190 /* PasswordResetCodeModel.swift */ = {isa = PBXFileReference; lastKnownFileType = sourcecode.swift; path = PasswordResetCodeModel.swift; sourceTree = "<group>"; };
		A20178F52077E39C0058E190 /* NewPasswordController.swift */ = {isa = PBXFileReference; lastKnownFileType = sourcecode.swift; path = NewPasswordController.swift; sourceTree = "<group>"; };
		A20178F72077E3A40058E190 /* NewPasswordModel.swift */ = {isa = PBXFileReference; lastKnownFileType = sourcecode.swift; path = NewPasswordModel.swift; sourceTree = "<group>"; };
		A20178FB2077E5BF0058E190 /* CustomAlerts.swift */ = {isa = PBXFileReference; lastKnownFileType = sourcecode.swift; path = CustomAlerts.swift; sourceTree = "<group>"; };
		A20178FE207FA8A00058E190 /* CustomCodeField.swift */ = {isa = PBXFileReference; lastKnownFileType = sourcecode.swift; path = CustomCodeField.swift; sourceTree = "<group>"; };
		A21169C12088C41400F3BD1B /* UpdatePasswordController.swift */ = {isa = PBXFileReference; lastKnownFileType = sourcecode.swift; path = UpdatePasswordController.swift; sourceTree = "<group>"; };
		A216CC6F1E200A6100A5951C /* SearchViewController.swift */ = {isa = PBXFileReference; fileEncoding = 4; lastKnownFileType = sourcecode.swift; path = SearchViewController.swift; sourceTree = "<group>"; };
		A216CC711E200A6E00A5951C /* ResultsViewController.swift */ = {isa = PBXFileReference; fileEncoding = 4; lastKnownFileType = sourcecode.swift; path = ResultsViewController.swift; sourceTree = "<group>"; };
		A216CC741E200F3E00A5951C /* ResultCellViewController.swift */ = {isa = PBXFileReference; fileEncoding = 4; lastKnownFileType = sourcecode.swift; path = ResultCellViewController.swift; sourceTree = "<group>"; };
		A216CC761E20170600A5951C /* ViewItemController.swift */ = {isa = PBXFileReference; fileEncoding = 4; lastKnownFileType = sourcecode.swift; path = ViewItemController.swift; sourceTree = "<group>"; };
		A21CCFA2206D1DAB001C5797 /* UserSignInController.swift */ = {isa = PBXFileReference; lastKnownFileType = sourcecode.swift; path = UserSignInController.swift; sourceTree = "<group>"; };
		A21CCFA7206D1F1E001C5797 /* UserSignInModel.swift */ = {isa = PBXFileReference; lastKnownFileType = sourcecode.swift; path = UserSignInModel.swift; sourceTree = "<group>"; };
		A230CB152087F31C00282618 /* UserInformationController.swift */ = {isa = PBXFileReference; lastKnownFileType = sourcecode.swift; path = UserInformationController.swift; sourceTree = "<group>"; };
		A230CB192087F34600282618 /* UserInformationModel.swift */ = {isa = PBXFileReference; lastKnownFileType = sourcecode.swift; path = UserInformationModel.swift; sourceTree = "<group>"; };
		A238836E20597DE30041F6FF /* ViewItemModel.swift */ = {isa = PBXFileReference; lastKnownFileType = sourcecode.swift; path = ViewItemModel.swift; sourceTree = "<group>"; };
		A23F3CF423A3ED27000546DC /* LocationViewController.swift */ = {isa = PBXFileReference; lastKnownFileType = sourcecode.swift; path = LocationViewController.swift; sourceTree = "<group>"; };
		A23F3CF623A3F337000546DC /* LocationTableViewCellController.swift */ = {isa = PBXFileReference; lastKnownFileType = sourcecode.swift; path = LocationTableViewCellController.swift; sourceTree = "<group>"; };
		A23F3CF823A78E2C000546DC /* ExplorerViewController.swift */ = {isa = PBXFileReference; lastKnownFileType = sourcecode.swift; path = ExplorerViewController.swift; sourceTree = "<group>"; };
		A265CF612077C66500D104BB /* RequestPasswordResetController.swift */ = {isa = PBXFileReference; lastKnownFileType = sourcecode.swift; path = RequestPasswordResetController.swift; sourceTree = "<group>"; };
		A265CF632077C69500D104BB /* RequestPasswordResetModel.swift */ = {isa = PBXFileReference; lastKnownFileType = sourcecode.swift; path = RequestPasswordResetModel.swift; sourceTree = "<group>"; };
		A27C6633206EBFB200015274 /* MyItemsViewController.swift */ = {isa = PBXFileReference; lastKnownFileType = sourcecode.swift; path = MyItemsViewController.swift; sourceTree = "<group>"; };
		A27C6635206ED80B00015274 /* MyItemsModel.swift */ = {isa = PBXFileReference; lastKnownFileType = sourcecode.swift; path = MyItemsModel.swift; sourceTree = "<group>"; };
		A27C6637206ED82500015274 /* MyItemsTableCellController.swift */ = {isa = PBXFileReference; lastKnownFileType = sourcecode.swift; path = MyItemsTableCellController.swift; sourceTree = "<group>"; };
		A2930D6523A2E292004384A0 /* ExplorerCollectionViewCellController.swift */ = {isa = PBXFileReference; lastKnownFileType = sourcecode.swift; path = ExplorerCollectionViewCellController.swift; sourceTree = "<group>"; };
		A2930D6723A2EC63004384A0 /* ExplorerProtocol.swift */ = {isa = PBXFileReference; lastKnownFileType = sourcecode.swift; path = ExplorerProtocol.swift; sourceTree = "<group>"; };
		A2AB1F941DF7578C009928BF /* Utterfare.app */ = {isa = PBXFileReference; explicitFileType = wrapper.application; includeInIndex = 0; path = Utterfare.app; sourceTree = BUILT_PRODUCTS_DIR; };
		A2AB1F971DF7578C009928BF /* AppDelegate.swift */ = {isa = PBXFileReference; lastKnownFileType = sourcecode.swift; path = AppDelegate.swift; sourceTree = "<group>"; };
		A2AB1F9C1DF7578C009928BF /* Base */ = {isa = PBXFileReference; lastKnownFileType = file.storyboard; name = Base; path = Base.lproj/Main.storyboard; sourceTree = "<group>"; };
		A2AB1F9E1DF7578C009928BF /* Assets.xcassets */ = {isa = PBXFileReference; lastKnownFileType = folder.assetcatalog; path = Assets.xcassets; sourceTree = "<group>"; };
		A2AB1FA11DF7578C009928BF /* Base */ = {isa = PBXFileReference; lastKnownFileType = file.storyboard; name = Base; path = Base.lproj/LaunchScreen.storyboard; sourceTree = "<group>"; };
		A2AB1FA31DF7578C009928BF /* Info.plist */ = {isa = PBXFileReference; lastKnownFileType = text.plist.xml; path = Info.plist; sourceTree = "<group>"; };
		A2AB1FA81DF7578C009928BF /* UtterfareTests.xctest */ = {isa = PBXFileReference; explicitFileType = wrapper.cfbundle; includeInIndex = 0; path = UtterfareTests.xctest; sourceTree = BUILT_PRODUCTS_DIR; };
		A2AB1FAC1DF7578C009928BF /* UtterfareTests.swift */ = {isa = PBXFileReference; lastKnownFileType = sourcecode.swift; path = UtterfareTests.swift; sourceTree = "<group>"; };
		A2AB1FAE1DF7578C009928BF /* Info.plist */ = {isa = PBXFileReference; lastKnownFileType = text.plist.xml; path = Info.plist; sourceTree = "<group>"; };
		A2AB1FB31DF7578C009928BF /* UtterfareUITests.xctest */ = {isa = PBXFileReference; explicitFileType = wrapper.cfbundle; includeInIndex = 0; path = UtterfareUITests.xctest; sourceTree = BUILT_PRODUCTS_DIR; };
		A2AB1FB71DF7578C009928BF /* UtterfareUITests.swift */ = {isa = PBXFileReference; lastKnownFileType = sourcecode.swift; path = UtterfareUITests.swift; sourceTree = "<group>"; };
		A2AB1FB91DF7578C009928BF /* Info.plist */ = {isa = PBXFileReference; lastKnownFileType = text.plist.xml; path = Info.plist; sourceTree = "<group>"; };
		A2AB1FC91DF770B3009928BF /* CoreLocation.framework */ = {isa = PBXFileReference; lastKnownFileType = wrapper.framework; name = CoreLocation.framework; path = System/Library/Frameworks/CoreLocation.framework; sourceTree = SDKROOT; };
		A2AFF99F206FCB8A008851F9 /* UserSignUpViewController.swift */ = {isa = PBXFileReference; lastKnownFileType = sourcecode.swift; path = UserSignUpViewController.swift; sourceTree = "<group>"; };
		A2AFF9A1206FCDC1008851F9 /* UserSignUpModel.swift */ = {isa = PBXFileReference; lastKnownFileType = sourcecode.swift; path = UserSignUpModel.swift; sourceTree = "<group>"; };
		A2B00E441E22A5D9004CACCF /* SearchModel.swift */ = {isa = PBXFileReference; fileEncoding = 4; lastKnownFileType = sourcecode.swift; path = SearchModel.swift; sourceTree = "<group>"; };
		A2C836EE22D7C26A009C78A3 /* Home Controller.swift */ = {isa = PBXFileReference; lastKnownFileType = sourcecode.swift; path = "Home Controller.swift"; sourceTree = "<group>"; };
		A2C836F022D7C405009C78A3 /* CollectionViewCellController.swift */ = {isa = PBXFileReference; lastKnownFileType = sourcecode.swift; path = CollectionViewCellController.swift; sourceTree = "<group>"; };
		A2C836F622D7C6A7009C78A3 /* HomeProtocol.swift */ = {isa = PBXFileReference; lastKnownFileType = sourcecode.swift; path = HomeProtocol.swift; sourceTree = "<group>"; };
		A2E6AA442090C5C3002E93B7 /* MainTabBarController.swift */ = {isa = PBXFileReference; lastKnownFileType = sourcecode.swift; path = MainTabBarController.swift; sourceTree = "<group>"; };
		CBA5E46EA3B9C26C49DFDFFB /* Pods_UtterfareUITests.framework */ = {isa = PBXFileReference; explicitFileType = wrapper.framework; includeInIndex = 0; path = Pods_UtterfareUITests.framework; sourceTree = BUILT_PRODUCTS_DIR; };
		DE9C29510AA1D594FB8B313B /* Pods_Utterfare.framework */ = {isa = PBXFileReference; explicitFileType = wrapper.framework; includeInIndex = 0; path = Pods_Utterfare.framework; sourceTree = BUILT_PRODUCTS_DIR; };
/* End PBXFileReference section */

/* Begin PBXFrameworksBuildPhase section */
		A2AB1F911DF7578C009928BF /* Frameworks */ = {
			isa = PBXFrameworksBuildPhase;
			buildActionMask = 2147483647;
			files = (
				A2AB1FCA1DF770B3009928BF /* CoreLocation.framework in Frameworks */,
				439A565D90D512DC5EDC44BD /* Pods_Utterfare.framework in Frameworks */,
			);
			runOnlyForDeploymentPostprocessing = 0;
		};
		A2AB1FA51DF7578C009928BF /* Frameworks */ = {
			isa = PBXFrameworksBuildPhase;
			buildActionMask = 2147483647;
			files = (
				F290D91E831E20B3B672A3D3 /* Pods_UtterfareTests.framework in Frameworks */,
			);
			runOnlyForDeploymentPostprocessing = 0;
		};
		A2AB1FB01DF7578C009928BF /* Frameworks */ = {
			isa = PBXFrameworksBuildPhase;
			buildActionMask = 2147483647;
			files = (
				E2F6981F33B3258ACDEF8034 /* Pods_UtterfareUITests.framework in Frameworks */,
			);
			runOnlyForDeploymentPostprocessing = 0;
		};
/* End PBXFrameworksBuildPhase section */

/* Begin PBXGroup section */
		71A8B28643A203BC8391E1D1 /* Pods */ = {
			isa = PBXGroup;
			children = (
				9E448123B855267EBE06B77A /* Pods-Utterfare.debug.xcconfig */,
				068C34851883620C30C92EFE /* Pods-Utterfare.release.xcconfig */,
				4221C6E5957A61B8DBFB4ECD /* Pods-UtterfareTests.debug.xcconfig */,
				609F55E0384BD3FC6B2C3E86 /* Pods-UtterfareTests.release.xcconfig */,
				04942A706D9F2AEEFA0B81DF /* Pods-UtterfareUITests.debug.xcconfig */,
				191438673DBEAE6FE1C10B26 /* Pods-UtterfareUITests.release.xcconfig */,
			);
			name = Pods;
			sourceTree = "<group>";
		};
		A20178F92077E59F0058E190 /* Alerts */ = {
			isa = PBXGroup;
			children = (
				A20178FB2077E5BF0058E190 /* CustomAlerts.swift */,
			);
			name = Alerts;
			sourceTree = "<group>";
		};
		A20178FD207FA8870058E190 /* Custom Fields */ = {
			isa = PBXGroup;
			children = (
				A20178FE207FA8A00058E190 /* CustomCodeField.swift */,
			);
			name = "Custom Fields";
			sourceTree = "<group>";
		};
		A21CCF9E206D1D80001C5797 /* Sign In */ = {
			isa = PBXGroup;
			children = (
				A21CCFA2206D1DAB001C5797 /* UserSignInController.swift */,
				A21CCFA7206D1F1E001C5797 /* UserSignInModel.swift */,
			);
			name = "Sign In";
			sourceTree = "<group>";
		};
		A21CCF9F206D1D8A001C5797 /* Sign Up */ = {
			isa = PBXGroup;
			children = (
				A2AFF99F206FCB8A008851F9 /* UserSignUpViewController.swift */,
				A2AFF9A1206FCDC1008851F9 /* UserSignUpModel.swift */,
			);
			name = "Sign Up";
			sourceTree = "<group>";
		};
		A21CCFA0206D1D91001C5797 /* Items */ = {
			isa = PBXGroup;
			children = (
				A27C6633206EBFB200015274 /* MyItemsViewController.swift */,
				A27C6635206ED80B00015274 /* MyItemsModel.swift */,
				A27C6637206ED82500015274 /* MyItemsTableCellController.swift */,
			);
			name = Items;
			sourceTree = "<group>";
		};
		A21CCFA1206D1D9B001C5797 /* Account */ = {
			isa = PBXGroup;
			children = (
			);
			name = Account;
			sourceTree = "<group>";
		};
		A21CCFA4206D1EDB001C5797 /* Search */ = {
			isa = PBXGroup;
			children = (
				A2B00E441E22A5D9004CACCF /* SearchModel.swift */,
				A216CC6F1E200A6100A5951C /* SearchViewController.swift */,
			);
			name = Search;
			sourceTree = "<group>";
		};
		A21CCFA5206D1EE1001C5797 /* Results */ = {
			isa = PBXGroup;
			children = (
				A216CC741E200F3E00A5951C /* ResultCellViewController.swift */,
				A216CC711E200A6E00A5951C /* ResultsViewController.swift */,
			);
			name = Results;
			sourceTree = "<group>";
		};
		A21CCFA6206D1EE6001C5797 /* Single Item */ = {
			isa = PBXGroup;
			children = (
				A216CC761E20170600A5951C /* ViewItemController.swift */,
				A238836E20597DE30041F6FF /* ViewItemModel.swift */,
			);
			name = "Single Item";
			sourceTree = "<group>";
		};
		A230CB142087F30500282618 /* User */ = {
			isa = PBXGroup;
			children = (
				A230CB152087F31C00282618 /* UserInformationController.swift */,
				A230CB192087F34600282618 /* UserInformationModel.swift */,
				A21169C12088C41400F3BD1B /* UpdatePasswordController.swift */,
			);
			name = User;
			sourceTree = "<group>";
		};
		A23F3CF323A3ECB0000546DC /* Location */ = {
			isa = PBXGroup;
			children = (
				A23F3CF423A3ED27000546DC /* LocationViewController.swift */,
				A23F3CF623A3F337000546DC /* LocationTableViewCellController.swift */,
			);
			name = Location;
			sourceTree = "<group>";
		};
		A265CF602077C65100D104BB /* Password Reset */ = {
			isa = PBXGroup;
			children = (
				A265CF612077C66500D104BB /* RequestPasswordResetController.swift */,
				A265CF632077C69500D104BB /* RequestPasswordResetModel.swift */,
				A20178F12077E3500058E190 /* PasswordResetCodeController.swift */,
				A20178F32077E38C0058E190 /* PasswordResetCodeModel.swift */,
				A20178F52077E39C0058E190 /* NewPasswordController.swift */,
				A20178F72077E3A40058E190 /* NewPasswordModel.swift */,
			);
			name = "Password Reset";
			sourceTree = "<group>";
		};
		A2930D6423A2E26B004384A0 /* Explorer */ = {
			isa = PBXGroup;
			children = (
				A2930D6523A2E292004384A0 /* ExplorerCollectionViewCellController.swift */,
				A2930D6723A2EC63004384A0 /* ExplorerProtocol.swift */,
				A23F3CF823A78E2C000546DC /* ExplorerViewController.swift */,
			);
			name = Explorer;
			sourceTree = "<group>";
		};
		A2AB1F8B1DF7578C009928BF = {
			isa = PBXGroup;
			children = (
				A2AB1F961DF7578C009928BF /* Utterfare */,
				A2AB1FAB1DF7578C009928BF /* UtterfareTests */,
				A2AB1FB61DF7578C009928BF /* UtterfareUITests */,
				A2AB1F951DF7578C009928BF /* Products */,
				A2AB1FC81DF770B3009928BF /* Frameworks */,
				71A8B28643A203BC8391E1D1 /* Pods */,
			);
			sourceTree = "<group>";
		};
		A2AB1F951DF7578C009928BF /* Products */ = {
			isa = PBXGroup;
			children = (
				A2AB1F941DF7578C009928BF /* Utterfare.app */,
				A2AB1FA81DF7578C009928BF /* UtterfareTests.xctest */,
				A2AB1FB31DF7578C009928BF /* UtterfareUITests.xctest */,
			);
			name = Products;
			sourceTree = "<group>";
		};
		A2AB1F961DF7578C009928BF /* Utterfare */ = {
			isa = PBXGroup;
			children = (
				A23F3CF323A3ECB0000546DC /* Location */,
				A2930D6423A2E26B004384A0 /* Explorer */,
				A2C836ED22D7C252009C78A3 /* Home */,
				A2E6AA432090C5B2002E93B7 /* Tab Bar Controller */,
				A230CB142087F30500282618 /* User */,
				A20178FD207FA8870058E190 /* Custom Fields */,
				A20178F92077E59F0058E190 /* Alerts */,
				A265CF602077C65100D104BB /* Password Reset */,
				A21CCFA6206D1EE6001C5797 /* Single Item */,
				A21CCFA5206D1EE1001C5797 /* Results */,
				A21CCFA4206D1EDB001C5797 /* Search */,
				A21CCFA1206D1D9B001C5797 /* Account */,
				A21CCFA0206D1D91001C5797 /* Items */,
				A21CCF9F206D1D8A001C5797 /* Sign Up */,
				A21CCF9E206D1D80001C5797 /* Sign In */,
				A2AB1FC51DF759CF009928BF /* Images */,
				A2AB1F971DF7578C009928BF /* AppDelegate.swift */,
				A2AB1F9B1DF7578C009928BF /* Main.storyboard */,
				A2AB1F9E1DF7578C009928BF /* Assets.xcassets */,
				A2AB1FA01DF7578C009928BF /* LaunchScreen.storyboard */,
				A2AB1FA31DF7578C009928BF /* Info.plist */,
			);
			path = Utterfare;
			sourceTree = "<group>";
		};
		A2AB1FAB1DF7578C009928BF /* UtterfareTests */ = {
			isa = PBXGroup;
			children = (
				A2AB1FAC1DF7578C009928BF /* UtterfareTests.swift */,
				A2AB1FAE1DF7578C009928BF /* Info.plist */,
			);
			path = UtterfareTests;
			sourceTree = "<group>";
		};
		A2AB1FB61DF7578C009928BF /* UtterfareUITests */ = {
			isa = PBXGroup;
			children = (
				A2AB1FB71DF7578C009928BF /* UtterfareUITests.swift */,
				A2AB1FB91DF7578C009928BF /* Info.plist */,
			);
			path = UtterfareUITests;
			sourceTree = "<group>";
		};
		A2AB1FC51DF759CF009928BF /* Images */ = {
			isa = PBXGroup;
			children = (
			);
			name = Images;
			sourceTree = "<group>";
		};
		A2AB1FC81DF770B3009928BF /* Frameworks */ = {
			isa = PBXGroup;
			children = (
				A2AB1FC91DF770B3009928BF /* CoreLocation.framework */,
				DE9C29510AA1D594FB8B313B /* Pods_Utterfare.framework */,
				09E843D5DA1C138C7E25A19B /* Pods_UtterfareTests.framework */,
				CBA5E46EA3B9C26C49DFDFFB /* Pods_UtterfareUITests.framework */,
			);
			name = Frameworks;
			sourceTree = "<group>";
		};
		A2C836ED22D7C252009C78A3 /* Home */ = {
			isa = PBXGroup;
			children = (
				A2C836EE22D7C26A009C78A3 /* Home Controller.swift */,
				A2C836F022D7C405009C78A3 /* CollectionViewCellController.swift */,
				A2C836F622D7C6A7009C78A3 /* HomeProtocol.swift */,
			);
			name = Home;
			sourceTree = "<group>";
		};
		A2E6AA432090C5B2002E93B7 /* Tab Bar Controller */ = {
			isa = PBXGroup;
			children = (
				A2E6AA442090C5C3002E93B7 /* MainTabBarController.swift */,
			);
			name = "Tab Bar Controller";
			sourceTree = "<group>";
		};
/* End PBXGroup section */

/* Begin PBXNativeTarget section */
		A2AB1F931DF7578C009928BF /* Utterfare */ = {
			isa = PBXNativeTarget;
			buildConfigurationList = A2AB1FBC1DF7578C009928BF /* Build configuration list for PBXNativeTarget "Utterfare" */;
			buildPhases = (
				D1709F3C706622EB39411A83 /* [CP] Check Pods Manifest.lock */,
				A2AB1F901DF7578C009928BF /* Sources */,
				A2AB1F911DF7578C009928BF /* Frameworks */,
				A2AB1F921DF7578C009928BF /* Resources */,
				48E226189BF9A9297E49887B /* [CP] Embed Pods Frameworks */,
				BA30C4FCF0DFCE9D1B93B765 /* [CP] Copy Pods Resources */,
			);
			buildRules = (
			);
			dependencies = (
			);
			name = Utterfare;
			productName = Utterfare;
			productReference = A2AB1F941DF7578C009928BF /* Utterfare.app */;
			productType = "com.apple.product-type.application";
		};
		A2AB1FA71DF7578C009928BF /* UtterfareTests */ = {
			isa = PBXNativeTarget;
			buildConfigurationList = A2AB1FBF1DF7578C009928BF /* Build configuration list for PBXNativeTarget "UtterfareTests" */;
			buildPhases = (
				B8B727BD4B3523FAD09CF9DC /* [CP] Check Pods Manifest.lock */,
				A2AB1FA41DF7578C009928BF /* Sources */,
				A2AB1FA51DF7578C009928BF /* Frameworks */,
				A2AB1FA61DF7578C009928BF /* Resources */,
			);
			buildRules = (
			);
			dependencies = (
				A2AB1FAA1DF7578C009928BF /* PBXTargetDependency */,
			);
			name = UtterfareTests;
			productName = UtterfareTests;
			productReference = A2AB1FA81DF7578C009928BF /* UtterfareTests.xctest */;
			productType = "com.apple.product-type.bundle.unit-test";
		};
		A2AB1FB21DF7578C009928BF /* UtterfareUITests */ = {
			isa = PBXNativeTarget;
			buildConfigurationList = A2AB1FC21DF7578C009928BF /* Build configuration list for PBXNativeTarget "UtterfareUITests" */;
			buildPhases = (
				A502747B37F21B164D055D7C /* [CP] Check Pods Manifest.lock */,
				A2AB1FAF1DF7578C009928BF /* Sources */,
				A2AB1FB01DF7578C009928BF /* Frameworks */,
				A2AB1FB11DF7578C009928BF /* Resources */,
			);
			buildRules = (
			);
			dependencies = (
				A2AB1FB51DF7578C009928BF /* PBXTargetDependency */,
			);
			name = UtterfareUITests;
			productName = UtterfareUITests;
			productReference = A2AB1FB31DF7578C009928BF /* UtterfareUITests.xctest */;
			productType = "com.apple.product-type.bundle.ui-testing";
		};
/* End PBXNativeTarget section */

/* Begin PBXProject section */
		A2AB1F8C1DF7578C009928BF /* Project object */ = {
			isa = PBXProject;
			attributes = {
				LastSwiftUpdateCheck = 0810;
				LastUpgradeCheck = 1130;
				ORGANIZATIONNAME = Utterfare;
				TargetAttributes = {
					A2AB1F931DF7578C009928BF = {
						CreatedOnToolsVersion = 8.1;
						DevelopmentTeam = B76P79Q988;
						LastSwiftMigration = 1130;
						ProvisioningStyle = Automatic;
					};
					A2AB1FA71DF7578C009928BF = {
						CreatedOnToolsVersion = 8.1;
						DevelopmentTeam = B76P79Q988;
						LastSwiftMigration = 1130;
						ProvisioningStyle = Automatic;
						TestTargetID = A2AB1F931DF7578C009928BF;
					};
					A2AB1FB21DF7578C009928BF = {
						CreatedOnToolsVersion = 8.1;
						DevelopmentTeam = B76P79Q988;
						LastSwiftMigration = 1130;
						ProvisioningStyle = Automatic;
						TestTargetID = A2AB1F931DF7578C009928BF;
					};
				};
			};
			buildConfigurationList = A2AB1F8F1DF7578C009928BF /* Build configuration list for PBXProject "Utterfare" */;
			compatibilityVersion = "Xcode 3.2";
			developmentRegion = en;
			hasScannedForEncodings = 0;
			knownRegions = (
				en,
				Base,
			);
			mainGroup = A2AB1F8B1DF7578C009928BF;
			productRefGroup = A2AB1F951DF7578C009928BF /* Products */;
			projectDirPath = "";
			projectRoot = "";
			targets = (
				A2AB1F931DF7578C009928BF /* Utterfare */,
				A2AB1FA71DF7578C009928BF /* UtterfareTests */,
				A2AB1FB21DF7578C009928BF /* UtterfareUITests */,
			);
		};
/* End PBXProject section */

/* Begin PBXResourcesBuildPhase section */
		A2AB1F921DF7578C009928BF /* Resources */ = {
			isa = PBXResourcesBuildPhase;
			buildActionMask = 2147483647;
			files = (
				A2AB1FA21DF7578C009928BF /* LaunchScreen.storyboard in Resources */,
				A2AB1F9F1DF7578C009928BF /* Assets.xcassets in Resources */,
				A2AB1F9D1DF7578C009928BF /* Main.storyboard in Resources */,
			);
			runOnlyForDeploymentPostprocessing = 0;
		};
		A2AB1FA61DF7578C009928BF /* Resources */ = {
			isa = PBXResourcesBuildPhase;
			buildActionMask = 2147483647;
			files = (
			);
			runOnlyForDeploymentPostprocessing = 0;
		};
		A2AB1FB11DF7578C009928BF /* Resources */ = {
			isa = PBXResourcesBuildPhase;
			buildActionMask = 2147483647;
			files = (
			);
			runOnlyForDeploymentPostprocessing = 0;
		};
/* End PBXResourcesBuildPhase section */

/* Begin PBXShellScriptBuildPhase section */
		48E226189BF9A9297E49887B /* [CP] Embed Pods Frameworks */ = {
			isa = PBXShellScriptBuildPhase;
			buildActionMask = 2147483647;
			files = (
			);
			inputPaths = (
				"${SRCROOT}/Pods/Target Support Files/Pods-Utterfare/Pods-Utterfare-frameworks.sh",
				"${BUILT_PRODUCTS_DIR}/SDWebImage/SDWebImage.framework",
			);
			name = "[CP] Embed Pods Frameworks";
			outputPaths = (
				"${TARGET_BUILD_DIR}/${FRAMEWORKS_FOLDER_PATH}/SDWebImage.framework",
			);
			runOnlyForDeploymentPostprocessing = 0;
			shellPath = /bin/sh;
			shellScript = "\"${SRCROOT}/Pods/Target Support Files/Pods-Utterfare/Pods-Utterfare-frameworks.sh\"\n";
			showEnvVarsInLog = 0;
		};
		A502747B37F21B164D055D7C /* [CP] Check Pods Manifest.lock */ = {
			isa = PBXShellScriptBuildPhase;
			buildActionMask = 2147483647;
			files = (
			);
			inputPaths = (
				"${PODS_PODFILE_DIR_PATH}/Podfile.lock",
				"${PODS_ROOT}/Manifest.lock",
			);
			name = "[CP] Check Pods Manifest.lock";
			outputPaths = (
				"$(DERIVED_FILE_DIR)/Pods-UtterfareUITests-checkManifestLockResult.txt",
			);
			runOnlyForDeploymentPostprocessing = 0;
			shellPath = /bin/sh;
			shellScript = "diff \"${PODS_PODFILE_DIR_PATH}/Podfile.lock\" \"${PODS_ROOT}/Manifest.lock\" > /dev/null\nif [ $? != 0 ] ; then\n    # print error to STDERR\n    echo \"error: The sandbox is not in sync with the Podfile.lock. Run 'pod install' or update your CocoaPods installation.\" >&2\n    exit 1\nfi\n# This output is used by Xcode 'outputs' to avoid re-running this script phase.\necho \"SUCCESS\" > \"${SCRIPT_OUTPUT_FILE_0}\"\n";
			showEnvVarsInLog = 0;
		};
		B8B727BD4B3523FAD09CF9DC /* [CP] Check Pods Manifest.lock */ = {
			isa = PBXShellScriptBuildPhase;
			buildActionMask = 2147483647;
			files = (
			);
			inputPaths = (
				"${PODS_PODFILE_DIR_PATH}/Podfile.lock",
				"${PODS_ROOT}/Manifest.lock",
			);
			name = "[CP] Check Pods Manifest.lock";
			outputPaths = (
				"$(DERIVED_FILE_DIR)/Pods-UtterfareTests-checkManifestLockResult.txt",
			);
			runOnlyForDeploymentPostprocessing = 0;
			shellPath = /bin/sh;
			shellScript = "diff \"${PODS_PODFILE_DIR_PATH}/Podfile.lock\" \"${PODS_ROOT}/Manifest.lock\" > /dev/null\nif [ $? != 0 ] ; then\n    # print error to STDERR\n    echo \"error: The sandbox is not in sync with the Podfile.lock. Run 'pod install' or update your CocoaPods installation.\" >&2\n    exit 1\nfi\n# This output is used by Xcode 'outputs' to avoid re-running this script phase.\necho \"SUCCESS\" > \"${SCRIPT_OUTPUT_FILE_0}\"\n";
			showEnvVarsInLog = 0;
		};
		BA30C4FCF0DFCE9D1B93B765 /* [CP] Copy Pods Resources */ = {
			isa = PBXShellScriptBuildPhase;
			buildActionMask = 2147483647;
			files = (
			);
			inputFileListPaths = (
			);
			inputPaths = (
				"${SRCROOT}/Pods/Target Support Files/Pods-Utterfare/Pods-Utterfare-resources.sh",
				"${PODS_ROOT}/GoogleMaps/Maps/Frameworks/GoogleMaps.framework/Resources/GoogleMaps.bundle",
				"${PODS_ROOT}/GooglePlaces/Frameworks/GooglePlaces.framework/Resources/GooglePlaces.bundle",
			);
			name = "[CP] Copy Pods Resources";
			outputFileListPaths = (
			);
			outputPaths = (
				"${TARGET_BUILD_DIR}/${UNLOCALIZED_RESOURCES_FOLDER_PATH}/GoogleMaps.bundle",
				"${TARGET_BUILD_DIR}/${UNLOCALIZED_RESOURCES_FOLDER_PATH}/GooglePlaces.bundle",
			);
			runOnlyForDeploymentPostprocessing = 0;
			shellPath = /bin/sh;
			shellScript = "\"${SRCROOT}/Pods/Target Support Files/Pods-Utterfare/Pods-Utterfare-resources.sh\"\n";
			showEnvVarsInLog = 0;
		};
		D1709F3C706622EB39411A83 /* [CP] Check Pods Manifest.lock */ = {
			isa = PBXShellScriptBuildPhase;
			buildActionMask = 2147483647;
			files = (
			);
			inputPaths = (
				"${PODS_PODFILE_DIR_PATH}/Podfile.lock",
				"${PODS_ROOT}/Manifest.lock",
			);
			name = "[CP] Check Pods Manifest.lock";
			outputPaths = (
				"$(DERIVED_FILE_DIR)/Pods-Utterfare-checkManifestLockResult.txt",
			);
			runOnlyForDeploymentPostprocessing = 0;
			shellPath = /bin/sh;
			shellScript = "diff \"${PODS_PODFILE_DIR_PATH}/Podfile.lock\" \"${PODS_ROOT}/Manifest.lock\" > /dev/null\nif [ $? != 0 ] ; then\n    # print error to STDERR\n    echo \"error: The sandbox is not in sync with the Podfile.lock. Run 'pod install' or update your CocoaPods installation.\" >&2\n    exit 1\nfi\n# This output is used by Xcode 'outputs' to avoid re-running this script phase.\necho \"SUCCESS\" > \"${SCRIPT_OUTPUT_FILE_0}\"\n";
			showEnvVarsInLog = 0;
		};
/* End PBXShellScriptBuildPhase section */

/* Begin PBXSourcesBuildPhase section */
		A2AB1F901DF7578C009928BF /* Sources */ = {
			isa = PBXSourcesBuildPhase;
			buildActionMask = 2147483647;
			files = (
				A21CCFA3206D1DAB001C5797 /* UserSignInController.swift in Sources */,
				A2C836F122D7C405009C78A3 /* CollectionViewCellController.swift in Sources */,
				A216CC701E200A6100A5951C /* SearchViewController.swift in Sources */,
				A20178FC2077E5BF0058E190 /* CustomAlerts.swift in Sources */,
				A230CB1A2087F34600282618 /* UserInformationModel.swift in Sources */,
				A2AFF9A2206FCDC1008851F9 /* UserSignUpModel.swift in Sources */,
				A27C6638206ED82500015274 /* MyItemsTableCellController.swift in Sources */,
				A216CC751E200F3E00A5951C /* ResultCellViewController.swift in Sources */,
				A27C6634206EBFB200015274 /* MyItemsViewController.swift in Sources */,
				A2930D6823A2EC63004384A0 /* ExplorerProtocol.swift in Sources */,
				A20178F62077E39C0058E190 /* NewPasswordController.swift in Sources */,
				A2B00E451E22A5D9004CACCF /* SearchModel.swift in Sources */,
				A2E6AA452090C5C3002E93B7 /* MainTabBarController.swift in Sources */,
				A230CB162087F31C00282618 /* UserInformationController.swift in Sources */,
				A216CC771E20170600A5951C /* ViewItemController.swift in Sources */,
				A23F3CF523A3ED27000546DC /* LocationViewController.swift in Sources */,
				A265CF622077C66500D104BB /* RequestPasswordResetController.swift in Sources */,
				A20178F42077E38C0058E190 /* PasswordResetCodeModel.swift in Sources */,
				A20178F22077E3500058E190 /* PasswordResetCodeController.swift in Sources */,
				A23F3CF723A3F337000546DC /* LocationTableViewCellController.swift in Sources */,
				A27C6636206ED80B00015274 /* MyItemsModel.swift in Sources */,
				A265CF642077C69500D104BB /* RequestPasswordResetModel.swift in Sources */,
				A21169C22088C41400F3BD1B /* UpdatePasswordController.swift in Sources */,
				A2AB1F981DF7578C009928BF /* AppDelegate.swift in Sources */,
				A216CC721E200A6E00A5951C /* ResultsViewController.swift in Sources */,
				A21CCFA8206D1F1E001C5797 /* UserSignInModel.swift in Sources */,
				A20178FF207FA8A00058E190 /* CustomCodeField.swift in Sources */,
				A23F3CF923A78E2C000546DC /* ExplorerViewController.swift in Sources */,
				A2AFF9A0206FCB8A008851F9 /* UserSignUpViewController.swift in Sources */,
				A2930D6623A2E292004384A0 /* ExplorerCollectionViewCellController.swift in Sources */,
				A238836F20597DE30041F6FF /* ViewItemModel.swift in Sources */,
				A20178F82077E3A40058E190 /* NewPasswordModel.swift in Sources */,
				A2C836EF22D7C26A009C78A3 /* Home Controller.swift in Sources */,
				A2C836F722D7C6A7009C78A3 /* HomeProtocol.swift in Sources */,
			);
			runOnlyForDeploymentPostprocessing = 0;
		};
		A2AB1FA41DF7578C009928BF /* Sources */ = {
			isa = PBXSourcesBuildPhase;
			buildActionMask = 2147483647;
			files = (
				A2AB1FAD1DF7578C009928BF /* UtterfareTests.swift in Sources */,
			);
			runOnlyForDeploymentPostprocessing = 0;
		};
		A2AB1FAF1DF7578C009928BF /* Sources */ = {
			isa = PBXSourcesBuildPhase;
			buildActionMask = 2147483647;
			files = (
				A2AB1FB81DF7578C009928BF /* UtterfareUITests.swift in Sources */,
			);
			runOnlyForDeploymentPostprocessing = 0;
		};
/* End PBXSourcesBuildPhase section */

/* Begin PBXTargetDependency section */
		A2AB1FAA1DF7578C009928BF /* PBXTargetDependency */ = {
			isa = PBXTargetDependency;
			target = A2AB1F931DF7578C009928BF /* Utterfare */;
			targetProxy = A2AB1FA91DF7578C009928BF /* PBXContainerItemProxy */;
		};
		A2AB1FB51DF7578C009928BF /* PBXTargetDependency */ = {
			isa = PBXTargetDependency;
			target = A2AB1F931DF7578C009928BF /* Utterfare */;
			targetProxy = A2AB1FB41DF7578C009928BF /* PBXContainerItemProxy */;
		};
/* End PBXTargetDependency section */

/* Begin PBXVariantGroup section */
		A2AB1F9B1DF7578C009928BF /* Main.storyboard */ = {
			isa = PBXVariantGroup;
			children = (
				A2AB1F9C1DF7578C009928BF /* Base */,
			);
			name = Main.storyboard;
			sourceTree = "<group>";
		};
		A2AB1FA01DF7578C009928BF /* LaunchScreen.storyboard */ = {
			isa = PBXVariantGroup;
			children = (
				A2AB1FA11DF7578C009928BF /* Base */,
			);
			name = LaunchScreen.storyboard;
			sourceTree = "<group>";
		};
/* End PBXVariantGroup section */

/* Begin XCBuildConfiguration section */
		A2AB1FBA1DF7578C009928BF /* Debug */ = {
			isa = XCBuildConfiguration;
			buildSettings = {
				ALWAYS_SEARCH_USER_PATHS = NO;
				CLANG_ANALYZER_LOCALIZABILITY_NONLOCALIZED = YES;
				CLANG_ANALYZER_NONNULL = YES;
				CLANG_CXX_LANGUAGE_STANDARD = "gnu++0x";
				CLANG_CXX_LIBRARY = "libc++";
				CLANG_ENABLE_MODULES = YES;
				CLANG_ENABLE_OBJC_ARC = YES;
				CLANG_WARN_BLOCK_CAPTURE_AUTORELEASING = YES;
				CLANG_WARN_BOOL_CONVERSION = YES;
				CLANG_WARN_COMMA = YES;
				CLANG_WARN_CONSTANT_CONVERSION = YES;
				CLANG_WARN_DEPRECATED_OBJC_IMPLEMENTATIONS = YES;
				CLANG_WARN_DIRECT_OBJC_ISA_USAGE = YES_ERROR;
				CLANG_WARN_DOCUMENTATION_COMMENTS = YES;
				CLANG_WARN_EMPTY_BODY = YES;
				CLANG_WARN_ENUM_CONVERSION = YES;
				CLANG_WARN_INFINITE_RECURSION = YES;
				CLANG_WARN_INT_CONVERSION = YES;
				CLANG_WARN_NON_LITERAL_NULL_CONVERSION = YES;
				CLANG_WARN_OBJC_IMPLICIT_RETAIN_SELF = YES;
				CLANG_WARN_OBJC_LITERAL_CONVERSION = YES;
				CLANG_WARN_OBJC_ROOT_CLASS = YES_ERROR;
				CLANG_WARN_RANGE_LOOP_ANALYSIS = YES;
				CLANG_WARN_STRICT_PROTOTYPES = YES;
				CLANG_WARN_SUSPICIOUS_MOVE = YES;
				CLANG_WARN_SUSPICIOUS_MOVES = YES;
				CLANG_WARN_UNREACHABLE_CODE = YES;
				CLANG_WARN__DUPLICATE_METHOD_MATCH = YES;
				CODE_SIGN_IDENTITY = "iPhone Distribution: Connor Meehan (B76P79Q988)";
				"CODE_SIGN_IDENTITY[sdk=iphoneos*]" = "iPhone Distribution: Connor Meehan (B76P79Q988)";
				COPY_PHASE_STRIP = NO;
				DEBUG_INFORMATION_FORMAT = dwarf;
				DEVELOPMENT_TEAM = B76P79Q988;
				ENABLE_STRICT_OBJC_MSGSEND = YES;
				ENABLE_TESTABILITY = YES;
				FRAMEWORK_SEARCH_PATHS = (
					/Users/cmeehan/Documents/iOS,
					"Projects/Utterfare/Pods/**",
				);
				GCC_C_LANGUAGE_STANDARD = gnu99;
				GCC_DYNAMIC_NO_PIC = NO;
				GCC_NO_COMMON_BLOCKS = YES;
				GCC_OPTIMIZATION_LEVEL = 0;
				GCC_PREPROCESSOR_DEFINITIONS = (
					"DEBUG=1",
					"$(inherited)",
				);
				GCC_WARN_64_TO_32_BIT_CONVERSION = YES;
				GCC_WARN_ABOUT_RETURN_TYPE = YES_ERROR;
				GCC_WARN_UNDECLARED_SELECTOR = YES;
				GCC_WARN_UNINITIALIZED_AUTOS = YES_AGGRESSIVE;
				GCC_WARN_UNUSED_FUNCTION = YES;
				GCC_WARN_UNUSED_VARIABLE = YES;
				IPHONEOS_DEPLOYMENT_TARGET = 13.0;
				MTL_ENABLE_DEBUG_INFO = YES;
				ONLY_ACTIVE_ARCH = YES;
				PROVISIONING_PROFILE = "85f40b80-0c06-47a4-bc02-98ae598b841d";
				SDKROOT = iphoneos;
				SWIFT_ACTIVE_COMPILATION_CONDITIONS = DEBUG;
				SWIFT_OPTIMIZATION_LEVEL = "-Onone";
				TARGETED_DEVICE_FAMILY = "1,2";
			};
			name = Debug;
		};
		A2AB1FBB1DF7578C009928BF /* Release */ = {
			isa = XCBuildConfiguration;
			buildSettings = {
				ALWAYS_SEARCH_USER_PATHS = NO;
				CLANG_ANALYZER_LOCALIZABILITY_NONLOCALIZED = YES;
				CLANG_ANALYZER_NONNULL = YES;
				CLANG_CXX_LANGUAGE_STANDARD = "gnu++0x";
				CLANG_CXX_LIBRARY = "libc++";
				CLANG_ENABLE_MODULES = YES;
				CLANG_ENABLE_OBJC_ARC = YES;
				CLANG_WARN_BLOCK_CAPTURE_AUTORELEASING = YES;
				CLANG_WARN_BOOL_CONVERSION = YES;
				CLANG_WARN_COMMA = YES;
				CLANG_WARN_CONSTANT_CONVERSION = YES;
				CLANG_WARN_DEPRECATED_OBJC_IMPLEMENTATIONS = YES;
				CLANG_WARN_DIRECT_OBJC_ISA_USAGE = YES_ERROR;
				CLANG_WARN_DOCUMENTATION_COMMENTS = YES;
				CLANG_WARN_EMPTY_BODY = YES;
				CLANG_WARN_ENUM_CONVERSION = YES;
				CLANG_WARN_INFINITE_RECURSION = YES;
				CLANG_WARN_INT_CONVERSION = YES;
				CLANG_WARN_NON_LITERAL_NULL_CONVERSION = YES;
				CLANG_WARN_OBJC_IMPLICIT_RETAIN_SELF = YES;
				CLANG_WARN_OBJC_LITERAL_CONVERSION = YES;
				CLANG_WARN_OBJC_ROOT_CLASS = YES_ERROR;
				CLANG_WARN_RANGE_LOOP_ANALYSIS = YES;
				CLANG_WARN_STRICT_PROTOTYPES = YES;
				CLANG_WARN_SUSPICIOUS_MOVE = YES;
				CLANG_WARN_SUSPICIOUS_MOVES = YES;
				CLANG_WARN_UNREACHABLE_CODE = YES;
				CLANG_WARN__DUPLICATE_METHOD_MATCH = YES;
				CODE_SIGN_IDENTITY = "iPhone Distribution: Connor Meehan (B76P79Q988)";
				"CODE_SIGN_IDENTITY[sdk=iphoneos*]" = "iPhone Distribution: Connor Meehan (B76P79Q988)";
				COPY_PHASE_STRIP = NO;
				DEBUG_INFORMATION_FORMAT = "dwarf-with-dsym";
				DEVELOPMENT_TEAM = B76P79Q988;
				ENABLE_NS_ASSERTIONS = NO;
				ENABLE_STRICT_OBJC_MSGSEND = YES;
				FRAMEWORK_SEARCH_PATHS = (
					/Users/cmeehan/Documents/iOS,
					"Projects/Utterfare/Pods/**",
				);
				GCC_C_LANGUAGE_STANDARD = gnu99;
				GCC_NO_COMMON_BLOCKS = YES;
				GCC_WARN_64_TO_32_BIT_CONVERSION = YES;
				GCC_WARN_ABOUT_RETURN_TYPE = YES_ERROR;
				GCC_WARN_UNDECLARED_SELECTOR = YES;
				GCC_WARN_UNINITIALIZED_AUTOS = YES_AGGRESSIVE;
				GCC_WARN_UNUSED_FUNCTION = YES;
				GCC_WARN_UNUSED_VARIABLE = YES;
				IPHONEOS_DEPLOYMENT_TARGET = 13.0;
				MTL_ENABLE_DEBUG_INFO = NO;
				PROVISIONING_PROFILE = "85f40b80-0c06-47a4-bc02-98ae598b841d";
				SDKROOT = iphoneos;
				SWIFT_OPTIMIZATION_LEVEL = "-Owholemodule";
				TARGETED_DEVICE_FAMILY = "1,2";
				VALIDATE_PRODUCT = YES;
			};
			name = Release;
		};
		A2AB1FBD1DF7578C009928BF /* Debug */ = {
			isa = XCBuildConfiguration;
			baseConfigurationReference = 9E448123B855267EBE06B77A /* Pods-Utterfare.debug.xcconfig */;
			buildSettings = {
				ASSETCATALOG_COMPILER_APPICON_NAME = AppIcon;
				CODE_SIGN_IDENTITY = "iPhone Distribution";
				"CODE_SIGN_IDENTITY[sdk=iphoneos*]" = "iPhone Developer";
				CODE_SIGN_STYLE = Automatic;
				DEVELOPMENT_TEAM = B76P79Q988;
				INFOPLIST_FILE = Utterfare/Info.plist;
				IPHONEOS_DEPLOYMENT_TARGET = 10.0;
				LD_RUNPATH_SEARCH_PATHS = "$(inherited) @executable_path/Frameworks";
				PRODUCT_BUNDLE_IDENTIFIER = com.Utterfare;
				PRODUCT_NAME = "$(TARGET_NAME)";
				PROVISIONING_PROFILE = "";
				PROVISIONING_PROFILE_SPECIFIER = "";
				SWIFT_SWIFT3_OBJC_INFERENCE = On;
				SWIFT_VERSION = 5.0;
				TARGETED_DEVICE_FAMILY = 1;
			};
			name = Debug;
		};
		A2AB1FBE1DF7578C009928BF /* Release */ = {
			isa = XCBuildConfiguration;
			baseConfigurationReference = 068C34851883620C30C92EFE /* Pods-Utterfare.release.xcconfig */;
			buildSettings = {
				ASSETCATALOG_COMPILER_APPICON_NAME = AppIcon;
				CODE_SIGN_IDENTITY = "iPhone Distribution";
				"CODE_SIGN_IDENTITY[sdk=iphoneos*]" = "iPhone Developer";
				CODE_SIGN_STYLE = Automatic;
				DEVELOPMENT_TEAM = B76P79Q988;
				INFOPLIST_FILE = Utterfare/Info.plist;
				IPHONEOS_DEPLOYMENT_TARGET = 10.0;
				LD_RUNPATH_SEARCH_PATHS = "$(inherited) @executable_path/Frameworks";
				PRODUCT_BUNDLE_IDENTIFIER = com.Utterfare;
				PRODUCT_NAME = "$(TARGET_NAME)";
				PROVISIONING_PROFILE = "";
				PROVISIONING_PROFILE_SPECIFIER = "";
				SWIFT_SWIFT3_OBJC_INFERENCE = On;
				SWIFT_VERSION = 5.0;
				TARGETED_DEVICE_FAMILY = 1;
			};
			name = Release;
		};
		A2AB1FC01DF7578C009928BF /* Debug */ = {
			isa = XCBuildConfiguration;
			baseConfigurationReference = 4221C6E5957A61B8DBFB4ECD /* Pods-UtterfareTests.debug.xcconfig */;
			buildSettings = {
				ALWAYS_EMBED_SWIFT_STANDARD_LIBRARIES = YES;
				BUNDLE_LOADER = "$(TEST_HOST)";
				DEVELOPMENT_TEAM = B76P79Q988;
				INFOPLIST_FILE = UtterfareTests/Info.plist;
				LD_RUNPATH_SEARCH_PATHS = "$(inherited) @executable_path/Frameworks @loader_path/Frameworks";
				PRODUCT_BUNDLE_IDENTIFIER = com.cbmwebdevelopment.UtterfareTests;
				PRODUCT_NAME = "$(TARGET_NAME)";
				SWIFT_SWIFT3_OBJC_INFERENCE = On;
				SWIFT_VERSION = 5.0;
				TEST_HOST = "$(BUILT_PRODUCTS_DIR)/Utterfare.app/Utterfare";
			};
			name = Debug;
		};
		A2AB1FC11DF7578C009928BF /* Release */ = {
			isa = XCBuildConfiguration;
			baseConfigurationReference = 609F55E0384BD3FC6B2C3E86 /* Pods-UtterfareTests.release.xcconfig */;
			buildSettings = {
				ALWAYS_EMBED_SWIFT_STANDARD_LIBRARIES = YES;
				BUNDLE_LOADER = "$(TEST_HOST)";
				DEVELOPMENT_TEAM = B76P79Q988;
				INFOPLIST_FILE = UtterfareTests/Info.plist;
				LD_RUNPATH_SEARCH_PATHS = "$(inherited) @executable_path/Frameworks @loader_path/Frameworks";
				PRODUCT_BUNDLE_IDENTIFIER = com.cbmwebdevelopment.UtterfareTests;
				PRODUCT_NAME = "$(TARGET_NAME)";
				SWIFT_SWIFT3_OBJC_INFERENCE = On;
				SWIFT_VERSION = 5.0;
				TEST_HOST = "$(BUILT_PRODUCTS_DIR)/Utterfare.app/Utterfare";
			};
			name = Release;
		};
		A2AB1FC31DF7578C009928BF /* Debug */ = {
			isa = XCBuildConfiguration;
			baseConfigurationReference = 04942A706D9F2AEEFA0B81DF /* Pods-UtterfareUITests.debug.xcconfig */;
			buildSettings = {
				ALWAYS_EMBED_SWIFT_STANDARD_LIBRARIES = YES;
				DEVELOPMENT_TEAM = B76P79Q988;
				INFOPLIST_FILE = UtterfareUITests/Info.plist;
				LD_RUNPATH_SEARCH_PATHS = "$(inherited) @executable_path/Frameworks @loader_path/Frameworks";
				PRODUCT_BUNDLE_IDENTIFIER = com.cbmwebdevelopment.UtterfareUITests;
				PRODUCT_NAME = "$(TARGET_NAME)";
				SWIFT_SWIFT3_OBJC_INFERENCE = On;
				SWIFT_VERSION = 5.0;
				TEST_TARGET_NAME = Utterfare;
			};
			name = Debug;
		};
		A2AB1FC41DF7578C009928BF /* Release */ = {
			isa = XCBuildConfiguration;
			baseConfigurationReference = 191438673DBEAE6FE1C10B26 /* Pods-UtterfareUITests.release.xcconfig */;
			buildSettings = {
				ALWAYS_EMBED_SWIFT_STANDARD_LIBRARIES = YES;
				DEVELOPMENT_TEAM = B76P79Q988;
				INFOPLIST_FILE = UtterfareUITests/Info.plist;
				LD_RUNPATH_SEARCH_PATHS = "$(inherited) @executable_path/Frameworks @loader_path/Frameworks";
				PRODUCT_BUNDLE_IDENTIFIER = com.cbmwebdevelopment.UtterfareUITests;
				PRODUCT_NAME = "$(TARGET_NAME)";
				SWIFT_SWIFT3_OBJC_INFERENCE = On;
				SWIFT_VERSION = 5.0;
				TEST_TARGET_NAME = Utterfare;
			};
			name = Release;
		};
/* End XCBuildConfiguration section */

/* Begin XCConfigurationList section */
		A2AB1F8F1DF7578C009928BF /* Build configuration list for PBXProject "Utterfare" */ = {
			isa = XCConfigurationList;
			buildConfigurations = (
				A2AB1FBA1DF7578C009928BF /* Debug */,
				A2AB1FBB1DF7578C009928BF /* Release */,
			);
			defaultConfigurationIsVisible = 0;
			defaultConfigurationName = Release;
		};
		A2AB1FBC1DF7578C009928BF /* Build configuration list for PBXNativeTarget "Utterfare" */ = {
			isa = XCConfigurationList;
			buildConfigurations = (
				A2AB1FBD1DF7578C009928BF /* Debug */,
				A2AB1FBE1DF7578C009928BF /* Release */,
			);
			defaultConfigurationIsVisible = 0;
			defaultConfigurationName = Release;
		};
		A2AB1FBF1DF7578C009928BF /* Build configuration list for PBXNativeTarget "UtterfareTests" */ = {
			isa = XCConfigurationList;
			buildConfigurations = (
				A2AB1FC01DF7578C009928BF /* Debug */,
				A2AB1FC11DF7578C009928BF /* Release */,
			);
			defaultConfigurationIsVisible = 0;
			defaultConfigurationName = Release;
		};
		A2AB1FC21DF7578C009928BF /* Build configuration list for PBXNativeTarget "UtterfareUITests" */ = {
			isa = XCConfigurationList;
			buildConfigurations = (
				A2AB1FC31DF7578C009928BF /* Debug */,
				A2AB1FC41DF7578C009928BF /* Release */,
			);
			defaultConfigurationIsVisible = 0;
			defaultConfigurationName = Release;
		};
/* End XCConfigurationList section */
	};
	rootObject = A2AB1F8C1DF7578C009928BF /* Project object */;
}
